<Solution>
  <Folder Name="/Part01_TheBasics/" />
  <Folder Name="/Part01_TheBasics/Level03_HelloWorld/">
    <Project Path="Part01_TheBasics/Level03_HelloWorld/ConsolasAndTelim/ConsolasAndTelim.csproj" />
    <Project Path="Part01_TheBasics/Level03_HelloWorld/HelloWorld/HelloWorld.csproj" />
    <Project Path="Part01_TheBasics/Level03_HelloWorld/TheMakingsOfAProgrammer/TheMakingsOfAProgrammer.csproj" />
    <Project Path="Part01_TheBasics/Level03_HelloWorld/WhatComesNext/WhatComesNext.csproj" />
  </Folder>
  <Folder Name="/Part01_TheBasics/Level04_Comments/">
    <Project Path="Part01_TheBasics/Level04_Comments/TheThingNamer3000/TheThingNamer3000.csproj" />
  </Folder>
  <Folder Name="/Part01_TheBasics/Level06_TheCSharpTypeSystem/">
    <Project Path="Part01_TheBasics/Level06_TheCSharpTypeSystem/TheVariableShop/TheVariableShop.csproj" />
    <Project Path="Part01_TheBasics/Level06_TheCSharpTypeSystem/TheVariableShopReturns/TheVariableShopReturns.csproj" />
  </Folder>
  <Folder Name="/Part01_TheBasics/Level07_Math/">
    <Project Path="Part01_TheBasics/Level07_Math/The Dominion of Kings/The Dominion of Kings.csproj" />
    <Project Path="Part01_TheBasics/Level07_Math/TheFourSistersAndTheDuckbear/TheFourSistersAndTheDuckbear.csproj" />
    <Project Path="Part01_TheBasics/Level07_Math/TheTriangleFarmer/TheTriangleFarmer.csproj" />
  </Folder>
  <Folder Name="/Part01_TheBasics/Level08_Console/">
    <Project Path="Part01_TheBasics/Level08_Console/TheDefenseOfConsolas/TheDefenseOfConsolas.csproj" />
  </Folder>
  <Folder Name="/Part01_TheBasics/Level09_DecisionMaking/">
    <Project Path="Part01_TheBasics/Level09_DecisionMaking/RepairingTheClocktower/RepairingTheClocktower.csproj" />
    <Project Path="Part01_TheBasics/Level09_DecisionMaking/Watchtower/Watchtower.csproj" />
  </Folder>
  <Folder Name="/Part01_TheBasics/Level10_Switches/">
    <Project Path="Part01_TheBasics/Level10_Switches/BuyingInventory/BuyingInventory.csproj" />
    <Project Path="Part01_TheBasics/Level10_Switches/DiscountedInventory/DiscountedInventory.csproj" />
  </Folder>
  <Folder Name="/Part01_TheBasics/Level11_Looping/">
    <Project Path="Part01_TheBasics/Level11_Looping/TheMagicCannon/TheMagicCannon.csproj" />
    <Project Path="Part01_TheBasics/Level11_Looping/ThePrototype/ThePrototype.csproj" />
  </Folder>
  <Folder Name="/Part01_TheBasics/Level12_Arrays/">
    <Project Path="Part01_TheBasics/Level12_Arrays/TheLawsOfFreach/TheLawsOfFreach.csproj" />
    <Project Path="Part01_TheBasics/Level12_Arrays/TheReplicatorOfDTo/TheReplicatorOfDTo.csproj" />
  </Folder>
  <Folder Name="/Part01_TheBasics/Level13_Methods/">
    <Project Path="Part01_TheBasics/Level13_Methods/Countdown/Countdown.csproj" />
    <Project Path="Part01_TheBasics/Level13_Methods/TakingANumber/TakingANumber.csproj" />
  </Folder>
  <Folder Name="/Part01_TheBasics/Level14_MemoryManagement/">
    <Project Path="Part01_TheBasics/Level14_MemoryManagement/HuntingTheManticore/HuntingTheManticore.csproj" />
  </Folder>
  <Folder Name="/Part02_ObjectOrientedProgramming/" />
  <Folder Name="/Part02_ObjectOrientedProgramming/Level16_Enumerations/">
    <Project Path="Part02_ObjectOrientedProgramming/Level16_Enumerations/SimulasTest/SimulasTest.csproj" />
  </Folder>
  <Folder Name="/Part02_ObjectOrientedProgramming/Level17_Tuples/">
    <Project Path="Part02_ObjectOrientedProgramming/Level17_Tuples/SimulasSoup/SimulasSoup.csproj" />
  </Folder>
  <Folder Name="/Part02_ObjectOrientedProgramming/Level18_Classes/">
    <Project Path="Part02_ObjectOrientedProgramming/Level18_Classes/VinFletchersArrows/VinFletchersArrows.csproj" />
  </Folder>
  <Folder Name="/Part02_ObjectOrientedProgramming/Level19_InformationHiding/">
    <Project Path="Part02_ObjectOrientedProgramming/Level19_InformationHiding/VinsTrouble/VinsTrouble.csproj" />
  </Folder>
  <Folder Name="/Part02_ObjectOrientedProgramming/Level20_Properties/">
    <Project Path="Part02_ObjectOrientedProgramming/Level20_Properties/ThePropertiesOfArrows/ThePropertiesOfArrows.csproj" />
  </Folder>
  <Folder Name="/Part02_ObjectOrientedProgramming/Level21_Static/">
    <Project Path="Part02_ObjectOrientedProgramming/Level21_Static/ArrowFactories/ArrowFactories.csproj" />
  </Folder>
  <Folder Name="/Part02_ObjectOrientedProgramming/Level24_TheCatacombsOfTheClass/">
    <Project Path="Part02_ObjectOrientedProgramming/Level24_TheCatacombsOfTheClass/TheCard/TheCard.csproj" />
    <Project Path="Part02_ObjectOrientedProgramming/Level24_TheCatacombsOfTheClass/TheColor/TheColor.csproj" />
    <Project Path="Part02_ObjectOrientedProgramming/Level24_TheCatacombsOfTheClass/TheLockedDoor/TheLockedDoor.csproj" />
    <Project Path="Part02_ObjectOrientedProgramming/Level24_TheCatacombsOfTheClass/ThePoint/ThePoint.csproj" />
  </Folder>
</Solution>
