<Solution>
  <Folder Name="/Level03_HelloWorld/">
    <Project Path="Level03_HelloWorld/ConsolasAndTelim/ConsolasAndTelim.csproj" />
    <Project Path="Level03_HelloWorld/HelloWorld/HelloWorld.csproj" />
    <Project Path="Level03_HelloWorld/TheMakingsOfAProgrammer/TheMakingsOfAProgrammer.csproj" />
    <Project Path="Level03_HelloWorld/WhatComesNext/WhatComesNext.csproj" />
  </Folder>
  <Folder Name="/Level04_Comments/">
    <Project Path="Level04_Comments/TheThingNamer3000/TheThingNamer3000.csproj" />
  </Folder>
  <Folder Name="/Level06_TheCSharpTypeSystem/">
    <Project Path="Level06_TheCSharpTypeSystem/TheVariableShop/TheVariableShop.csproj" />
    <Project Path="Level06_TheCSharpTypeSystem/TheVariableShopReturns/TheVariableShopReturns.csproj" />
  </Folder>
</Solution>
